
Microsoft Visual Studio Solution File, Format Version 12.00
# Visual Studio Version 17
VisualStudioVersion = 17.11.35219.272
MinimumVisualStudioVersion = 10.0.40219.1
Project("{FAE04EC0-301F-11D3-BF4B-00C04F79EFBC}") = "Login", "Login\Login.csproj", "{322E1625-6600-4630-A039-86AA9ADCDF4B}"
EndProject
Global
	GlobalSection(SolutionConfigurationPlatforms) = preSolution
		Debug|Any CPU = Debug|Any CPU
		Release|Any CPU = Release|Any CPU
	EndGlobalSection
	GlobalSection(ProjectConfigurationPlatforms) = postSolution
		{322E1625-6600-4630-A039-86AA9ADCDF4B}.Debug|Any CPU.ActiveCfg = Debug|Any CPU
		{322E1625-6600-4630-A039-86AA9ADCDF4B}.Debug|Any CPU.Build.0 = Debug|Any CPU
		{322E1625-6600-4630-A039-86AA9ADCDF4B}.Release|Any CPU.ActiveCfg = Release|Any CPU
		{322E1625-6600-4630-A039-86AA9ADCDF4B}.Release|Any CPU.Build.0 = Release|Any CPU
	EndGlobalSection
	GlobalSection(SolutionProperties) = preSolution
		HideSolutionNode = FALSE
	EndGlobalSection
	GlobalSection(ExtensibilityGlobals) = postSolution
		SolutionGuid = {8FAB291F-CE85-4C19-83EE-8EF1954CFD43}
	EndGlobalSection
EndGlobal
